// !$*UTF8*$!
{
	archiveVersion = 1;
	classes = {
	};
	objectVersion = 51;
	objects = {

/* Begin PBXBuildFile section */
		AD3C32B62614C28900CEB8E5 /* Data.swift in Sources */ = {isa = PBXBuildFile; fileRef = AD3C32B52614C28900CEB8E5 /* Data.swift */; };
		AD43223526177DCF009365A6 /* ItemsView.swift in Sources */ = {isa = PBXBuildFile; fileRef = AD43223426177DCF009365A6 /* ItemsView.swift */; };
		AD4322382617826D009365A6 /* MainStoreView.swift in Sources */ = {isa = PBXBuildFile; fileRef = AD4322372617826D009365A6 /* MainStoreView.swift */; };
		AD43223B261782CB009365A6 /* MainStoreModel.swift in Sources */ = {isa = PBXBuildFile; fileRef = AD43223A261782CA009365A6 /* MainStoreModel.swift */; };
		AD432240261A0430009365A6 /* SigninView.swift in Sources */ = {isa = PBXBuildFile; fileRef = AD43223F261A0430009365A6 /* SigninView.swift */; };
		AD432244261A12AB009365A6 /* SignupView.swift in Sources */ = {isa = PBXBuildFile; fileRef = AD432243261A12AB009365A6 /* SignupView.swift */; };
		AD432248261A1338009365A6 /* MainPageView.swift in Sources */ = {isa = PBXBuildFile; fileRef = AD432247261A1338009365A6 /* MainPageView.swift */; };
		AD432263261B751A009365A6 /* ShopView.swift in Sources */ = {isa = PBXBuildFile; fileRef = AD432262261B751A009365A6 /* ShopView.swift */; };
		AD432266261B7586009365A6 /* VIPModel.swift in Sources */ = {isa = PBXBuildFile; fileRef = AD432265261B7586009365A6 /* VIPModel.swift */; };
		AD43226B261B76E0009365A6 /* VIPItem.swift in Sources */ = {isa = PBXBuildFile; fileRef = AD43226A261B76E0009365A6 /* VIPItem.swift */; };
		AD43226F261CCCEC009365A6 /* ShopItem.swift in Sources */ = {isa = PBXBuildFile; fileRef = AD43226E261CCCEC009365A6 /* ShopItem.swift */; };
		AD432272261CCD99009365A6 /* ItemModel.swift in Sources */ = {isa = PBXBuildFile; fileRef = AD432271261CCD99009365A6 /* ItemModel.swift */; };
		AD7C1E2F260908D60065DD37 /* AccountView.swift in Sources */ = {isa = PBXBuildFile; fileRef = AD7C1E2E260908D60065DD37 /* AccountView.swift */; };
		AD7C1E32260A70C40065DD37 /* GoogleService-Info.plist in Resources */ = {isa = PBXBuildFile; fileRef = AD7C1E31260A70C40065DD37 /* GoogleService-Info.plist */; };
		AD824DBD2614C0A900E7DF99 /* Test.swift in Sources */ = {isa = PBXBuildFile; fileRef = AD824DBC2614C0A900E7DF99 /* Test.swift */; };
		AD96446926066E6900429600 /* e_shopApp.swift in Sources */ = {isa = PBXBuildFile; fileRef = AD96446826066E6900429600 /* e_shopApp.swift */; };
		AD96446B26066E6900429600 /* ContentView.swift in Sources */ = {isa = PBXBuildFile; fileRef = AD96446A26066E6900429600 /* ContentView.swift */; };
		AD96446D26066E6A00429600 /* Assets.xcassets in Resources */ = {isa = PBXBuildFile; fileRef = AD96446C26066E6A00429600 /* Assets.xcassets */; };
		AD96447026066E6A00429600 /* Preview Assets.xcassets in Resources */ = {isa = PBXBuildFile; fileRef = AD96446F26066E6A00429600 /* Preview Assets.xcassets */; };
		AD96447926067DEA00429600 /* TabBar.swift in Sources */ = {isa = PBXBuildFile; fileRef = AD96447826067DEA00429600 /* TabBar.swift */; };
		ADAFF81926209EDF00B196E6 /* UserModel.swift in Sources */ = {isa = PBXBuildFile; fileRef = ADAFF81826209EDF00B196E6 /* UserModel.swift */; };
		ADAFF81C26209F2D00B196E6 /* UserViewModel.swift in Sources */ = {isa = PBXBuildFile; fileRef = ADAFF81B26209F2D00B196E6 /* UserViewModel.swift */; };
		ADAFF81F2620A0EC00B196E6 /* UserView.swift in Sources */ = {isa = PBXBuildFile; fileRef = ADAFF81E2620A0EC00B196E6 /* UserView.swift */; };
		ADAFF8232620AADD00B196E6 /* ProceedButton.swift in Sources */ = {isa = PBXBuildFile; fileRef = ADAFF8222620AADD00B196E6 /* ProceedButton.swift */; };
		ADAFF8262620AEF500B196E6 /* AddItemView.swift in Sources */ = {isa = PBXBuildFile; fileRef = ADAFF8252620AEF500B196E6 /* AddItemView.swift */; };
		ADBC78A9261CD34700AD6719 /* ItemViewModel.swift in Sources */ = {isa = PBXBuildFile; fileRef = ADBC78A8261CD34700AD6719 /* ItemViewModel.swift */; };
		ADBC78B0261CE71900AD6719 /* ItemDetail.swift in Sources */ = {isa = PBXBuildFile; fileRef = ADBC78AF261CE71900AD6719 /* ItemDetail.swift */; };
		ADFF51762614C49500E54321 /* TestViewModel.swift in Sources */ = {isa = PBXBuildFile; fileRef = ADFF51752614C49500E54321 /* TestViewModel.swift */; };
		BB9BB65A126A99CF61BC85FA /* Pods_e_shop.framework in Frameworks */ = {isa = PBXBuildFile; fileRef = 6EEA6642DD3EF12198560500 /* Pods_e_shop.framework */; };
/* End PBXBuildFile section */

/* Begin PBXFileReference section */
		25C957AC2527DB9DEB90C597 /* Pods-e-shop.release.xcconfig */ = {isa = PBXFileReference; includeInIndex = 1; lastKnownFileType = text.xcconfig; name = "Pods-e-shop.release.xcconfig"; path = "Target Support Files/Pods-e-shop/Pods-e-shop.release.xcconfig"; sourceTree = "<group>"; };
		6EEA6642DD3EF12198560500 /* Pods_e_shop.framework */ = {isa = PBXFileReference; explicitFileType = wrapper.framework; includeInIndex = 0; path = Pods_e_shop.framework; sourceTree = BUILT_PRODUCTS_DIR; };
		9EEF7786CA8C958716A39739 /* Pods-e-shop.debug.xcconfig */ = {isa = PBXFileReference; includeInIndex = 1; lastKnownFileType = text.xcconfig; name = "Pods-e-shop.debug.xcconfig"; path = "Target Support Files/Pods-e-shop/Pods-e-shop.debug.xcconfig"; sourceTree = "<group>"; };
		AD3C32B52614C28900CEB8E5 /* Data.swift */ = {isa = PBXFileReference; lastKnownFileType = sourcecode.swift; path = Data.swift; sourceTree = "<group>"; };
		AD43223426177DCF009365A6 /* ItemsView.swift */ = {isa = PBXFileReference; lastKnownFileType = sourcecode.swift; path = ItemsView.swift; sourceTree = "<group>"; };
		AD4322372617826D009365A6 /* MainStoreView.swift */ = {isa = PBXFileReference; lastKnownFileType = sourcecode.swift; path = MainStoreView.swift; sourceTree = "<group>"; };
		AD43223A261782CA009365A6 /* MainStoreModel.swift */ = {isa = PBXFileReference; lastKnownFileType = sourcecode.swift; path = MainStoreModel.swift; sourceTree = "<group>"; };
		AD43223F261A0430009365A6 /* SigninView.swift */ = {isa = PBXFileReference; lastKnownFileType = sourcecode.swift; path = SigninView.swift; sourceTree = "<group>"; };
		AD432243261A12AB009365A6 /* SignupView.swift */ = {isa = PBXFileReference; lastKnownFileType = sourcecode.swift; path = SignupView.swift; sourceTree = "<group>"; };
		AD432247261A1338009365A6 /* MainPageView.swift */ = {isa = PBXFileReference; lastKnownFileType = sourcecode.swift; path = MainPageView.swift; sourceTree = "<group>"; };
		AD432262261B751A009365A6 /* ShopView.swift */ = {isa = PBXFileReference; lastKnownFileType = sourcecode.swift; path = ShopView.swift; sourceTree = "<group>"; };
		AD432265261B7586009365A6 /* VIPModel.swift */ = {isa = PBXFileReference; lastKnownFileType = sourcecode.swift; path = VIPModel.swift; sourceTree = "<group>"; };
		AD43226A261B76E0009365A6 /* VIPItem.swift */ = {isa = PBXFileReference; lastKnownFileType = sourcecode.swift; path = VIPItem.swift; sourceTree = "<group>"; };
		AD43226E261CCCEC009365A6 /* ShopItem.swift */ = {isa = PBXFileReference; lastKnownFileType = sourcecode.swift; path = ShopItem.swift; sourceTree = "<group>"; };
		AD432271261CCD99009365A6 /* ItemModel.swift */ = {isa = PBXFileReference; lastKnownFileType = sourcecode.swift; path = ItemModel.swift; sourceTree = "<group>"; };
		AD7C1E2E260908D60065DD37 /* AccountView.swift */ = {isa = PBXFileReference; lastKnownFileType = sourcecode.swift; path = AccountView.swift; sourceTree = "<group>"; };
		AD7C1E31260A70C40065DD37 /* GoogleService-Info.plist */ = {isa = PBXFileReference; fileEncoding = 4; lastKnownFileType = text.plist.xml; path = "GoogleService-Info.plist"; sourceTree = "<group>"; };
		AD824DBC2614C0A900E7DF99 /* Test.swift */ = {isa = PBXFileReference; lastKnownFileType = sourcecode.swift; path = Test.swift; sourceTree = "<group>"; };
		AD96446526066E6900429600 /* e-shop.app */ = {isa = PBXFileReference; explicitFileType = wrapper.application; includeInIndex = 0; path = "e-shop.app"; sourceTree = BUILT_PRODUCTS_DIR; };
		AD96446826066E6900429600 /* e_shopApp.swift */ = {isa = PBXFileReference; lastKnownFileType = sourcecode.swift; path = e_shopApp.swift; sourceTree = "<group>"; };
		AD96446A26066E6900429600 /* ContentView.swift */ = {isa = PBXFileReference; lastKnownFileType = sourcecode.swift; path = ContentView.swift; sourceTree = "<group>"; };
		AD96446C26066E6A00429600 /* Assets.xcassets */ = {isa = PBXFileReference; lastKnownFileType = folder.assetcatalog; path = Assets.xcassets; sourceTree = "<group>"; };
		AD96446F26066E6A00429600 /* Preview Assets.xcassets */ = {isa = PBXFileReference; lastKnownFileType = folder.assetcatalog; path = "Preview Assets.xcassets"; sourceTree = "<group>"; };
		AD96447126066E6A00429600 /* Info.plist */ = {isa = PBXFileReference; lastKnownFileType = text.plist.xml; path = Info.plist; sourceTree = "<group>"; };
		AD96447826067DEA00429600 /* TabBar.swift */ = {isa = PBXFileReference; lastKnownFileType = sourcecode.swift; path = TabBar.swift; sourceTree = "<group>"; };
		ADAFF81826209EDF00B196E6 /* UserModel.swift */ = {isa = PBXFileReference; lastKnownFileType = sourcecode.swift; path = UserModel.swift; sourceTree = "<group>"; };
		ADAFF81B26209F2D00B196E6 /* UserViewModel.swift */ = {isa = PBXFileReference; lastKnownFileType = sourcecode.swift; path = UserViewModel.swift; sourceTree = "<group>"; };
		ADAFF81E2620A0EC00B196E6 /* UserView.swift */ = {isa = PBXFileReference; lastKnownFileType = sourcecode.swift; path = UserView.swift; sourceTree = "<group>"; };
		ADAFF8222620AADD00B196E6 /* ProceedButton.swift */ = {isa = PBXFileReference; lastKnownFileType = sourcecode.swift; path = ProceedButton.swift; sourceTree = "<group>"; };
		ADAFF8252620AEF500B196E6 /* AddItemView.swift */ = {isa = PBXFileReference; lastKnownFileType = sourcecode.swift; path = AddItemView.swift; sourceTree = "<group>"; };
		ADBC78A8261CD34700AD6719 /* ItemViewModel.swift */ = {isa = PBXFileReference; lastKnownFileType = sourcecode.swift; path = ItemViewModel.swift; sourceTree = "<group>"; };
		ADBC78AF261CE71900AD6719 /* ItemDetail.swift */ = {isa = PBXFileReference; lastKnownFileType = sourcecode.swift; path = ItemDetail.swift; sourceTree = "<group>"; };
		ADFF51752614C49500E54321 /* TestViewModel.swift */ = {isa = PBXFileReference; lastKnownFileType = sourcecode.swift; path = TestViewModel.swift; sourceTree = "<group>"; };
/* End PBXFileReference section */

/* Begin PBXFrameworksBuildPhase section */
		AD96446226066E6900429600 /* Frameworks */ = {
			isa = PBXFrameworksBuildPhase;
			buildActionMask = 2147483647;
			files = (
				BB9BB65A126A99CF61BC85FA /* Pods_e_shop.framework in Frameworks */,
			);
			runOnlyForDeploymentPostprocessing = 0;
		};
/* End PBXFrameworksBuildPhase section */

/* Begin PBXGroup section */
		043A140A5CD239D9779E907B /* Frameworks */ = {
			isa = PBXGroup;
			children = (
				6EEA6642DD3EF12198560500 /* Pods_e_shop.framework */,
			);
			name = Frameworks;
			sourceTree = "<group>";
		};
		5C1A042F283A2F891B6CF39A /* Pods */ = {
			isa = PBXGroup;
			children = (
				9EEF7786CA8C958716A39739 /* Pods-e-shop.debug.xcconfig */,
				25C957AC2527DB9DEB90C597 /* Pods-e-shop.release.xcconfig */,
			);
			path = Pods;
			sourceTree = "<group>";
		};
		AD3C32B42614C27A00CEB8E5 /* Model */ = {
			isa = PBXGroup;
			children = (
				AD3C32B52614C28900CEB8E5 /* Data.swift */,
				AD43223A261782CA009365A6 /* MainStoreModel.swift */,
				AD432265261B7586009365A6 /* VIPModel.swift */,
				AD432271261CCD99009365A6 /* ItemModel.swift */,
				ADAFF81826209EDF00B196E6 /* UserModel.swift */,
			);
			path = Model;
			sourceTree = "<group>";
		};
		AD7C1E2C260908C50065DD37 /* View */ = {
			isa = PBXGroup;
			children = (
				AD824DBC2614C0A900E7DF99 /* Test.swift */,
				AD43223426177DCF009365A6 /* ItemsView.swift */,
				AD4322372617826D009365A6 /* MainStoreView.swift */,
				AD43226A261B76E0009365A6 /* VIPItem.swift */,
				AD43226E261CCCEC009365A6 /* ShopItem.swift */,
				ADBC78AF261CE71900AD6719 /* ItemDetail.swift */,
				ADAFF81E2620A0EC00B196E6 /* UserView.swift */,
			);
			path = View;
			sourceTree = "<group>";
		};
		AD96445C26066E6900429600 = {
			isa = PBXGroup;
			children = (
				AD96446726066E6900429600 /* e-shop */,
				AD96446626066E6900429600 /* Products */,
				5C1A042F283A2F891B6CF39A /* Pods */,
				043A140A5CD239D9779E907B /* Frameworks */,
			);
			sourceTree = "<group>";
		};
		AD96446626066E6900429600 /* Products */ = {
			isa = PBXGroup;
			children = (
				AD96446526066E6900429600 /* e-shop.app */,
			);
			name = Products;
			sourceTree = "<group>";
		};
		AD96446726066E6900429600 /* e-shop */ = {
			isa = PBXGroup;
			children = (
				AD7C1E31260A70C40065DD37 /* GoogleService-Info.plist */,
				AD96446826066E6900429600 /* e_shopApp.swift */,
				AD3C32B42614C27A00CEB8E5 /* Model */,
				ADFF51742614C46F00E54321 /* ViewModel */,
				AD7C1E2C260908C50065DD37 /* View */,
				ADAFF8212620AAB400B196E6 /* Library */,
				AD96447B26067DF100429600 /* Navigations */,
				AD432247261A1338009365A6 /* MainPageView.swift */,
				ADAFF8252620AEF500B196E6 /* AddItemView.swift */,
				AD43223F261A0430009365A6 /* SigninView.swift */,
				AD432243261A12AB009365A6 /* SignupView.swift */,
				AD96446A26066E6900429600 /* ContentView.swift */,
				AD432262261B751A009365A6 /* ShopView.swift */,
				AD7C1E2E260908D60065DD37 /* AccountView.swift */,
				AD96446C26066E6A00429600 /* Assets.xcassets */,
				AD96447126066E6A00429600 /* Info.plist */,
				AD96446E26066E6A00429600 /* Preview Content */,
			);
			path = "e-shop";
			sourceTree = "<group>";
		};
		AD96446E26066E6A00429600 /* Preview Content */ = {
			isa = PBXGroup;
			children = (
				AD96446F26066E6A00429600 /* Preview Assets.xcassets */,
			);
			path = "Preview Content";
			sourceTree = "<group>";
		};
		AD96447B26067DF100429600 /* Navigations */ = {
			isa = PBXGroup;
			children = (
				AD96447826067DEA00429600 /* TabBar.swift */,
			);
			path = Navigations;
			sourceTree = "<group>";
		};
		ADAFF8212620AAB400B196E6 /* Library */ = {
			isa = PBXGroup;
			children = (
				ADAFF8222620AADD00B196E6 /* ProceedButton.swift */,
			);
			path = Library;
			sourceTree = "<group>";
		};
		ADFF51742614C46F00E54321 /* ViewModel */ = {
			isa = PBXGroup;
			children = (
				ADFF51752614C49500E54321 /* TestViewModel.swift */,
				ADBC78A8261CD34700AD6719 /* ItemViewModel.swift */,
				ADAFF81B26209F2D00B196E6 /* UserViewModel.swift */,
			);
			path = ViewModel;
			sourceTree = "<group>";
		};
/* End PBXGroup section */

/* Begin PBXNativeTarget section */
		AD96446426066E6900429600 /* e-shop */ = {
			isa = PBXNativeTarget;
			buildConfigurationList = AD96447426066E6A00429600 /* Build configuration list for PBXNativeTarget "e-shop" */;
			buildPhases = (
				BE96977CDAF6E4E865DE7991 /* [CP] Check Pods Manifest.lock */,
				AD96446126066E6900429600 /* Sources */,
				AD96446226066E6900429600 /* Frameworks */,
				AD96446326066E6900429600 /* Resources */,
				C3C9ECF3F84671146E1DAA58 /* [CP] Embed Pods Frameworks */,
			);
			buildRules = (
			);
			dependencies = (
			);
			name = "e-shop";
			productName = "e-shop";
			productReference = AD96446526066E6900429600 /* e-shop.app */;
			productType = "com.apple.product-type.application";
		};
/* End PBXNativeTarget section */

/* Begin PBXProject section */
		AD96445D26066E6900429600 /* Project object */ = {
			isa = PBXProject;
			attributes = {
				LastSwiftUpdateCheck = 1240;
				LastUpgradeCheck = 1240;
				TargetAttributes = {
					AD96446426066E6900429600 = {
						CreatedOnToolsVersion = 12.4;
					};
				};
			};
			buildConfigurationList = AD96446026066E6900429600 /* Build configuration list for PBXProject "e-shop" */;
			compatibilityVersion = "Xcode 9.3";
			developmentRegion = en;
			hasScannedForEncodings = 0;
			knownRegions = (
				en,
				Base,
			);
			mainGroup = AD96445C26066E6900429600;
			productRefGroup = AD96446626066E6900429600 /* Products */;
			projectDirPath = "";
			projectRoot = "";
			targets = (
				AD96446426066E6900429600 /* e-shop */,
			);
		};
/* End PBXProject section */

/* Begin PBXResourcesBuildPhase section */
		AD96446326066E6900429600 /* Resources */ = {
			isa = PBXResourcesBuildPhase;
			buildActionMask = 2147483647;
			files = (
				AD96447026066E6A00429600 /* Preview Assets.xcassets in Resources */,
				AD96446D26066E6A00429600 /* Assets.xcassets in Resources */,
				AD7C1E32260A70C40065DD37 /* GoogleService-Info.plist in Resources */,
			);
			runOnlyForDeploymentPostprocessing = 0;
		};
/* End PBXResourcesBuildPhase section */

/* Begin PBXShellScriptBuildPhase section */
		BE96977CDAF6E4E865DE7991 /* [CP] Check Pods Manifest.lock */ = {
			isa = PBXShellScriptBuildPhase;
			buildActionMask = 2147483647;
			files = (
			);
			inputFileListPaths = (
			);
			inputPaths = (
				"${PODS_PODFILE_DIR_PATH}/Podfile.lock",
				"${PODS_ROOT}/Manifest.lock",
			);
			name = "[CP] Check Pods Manifest.lock";
			outputFileListPaths = (
			);
			outputPaths = (
				"$(DERIVED_FILE_DIR)/Pods-e-shop-checkManifestLockResult.txt",
			);
			runOnlyForDeploymentPostprocessing = 0;
			shellPath = /bin/sh;
			shellScript = "diff \"${PODS_PODFILE_DIR_PATH}/Podfile.lock\" \"${PODS_ROOT}/Manifest.lock\" > /dev/null\nif [ $? != 0 ] ; then\n    # print error to STDERR\n    echo \"error: The sandbox is not in sync with the Podfile.lock. Run 'pod install' or update your CocoaPods installation.\" >&2\n    exit 1\nfi\n# This output is used by Xcode 'outputs' to avoid re-running this script phase.\necho \"SUCCESS\" > \"${SCRIPT_OUTPUT_FILE_0}\"\n";
			showEnvVarsInLog = 0;
		};
		C3C9ECF3F84671146E1DAA58 /* [CP] Embed Pods Frameworks */ = {
			isa = PBXShellScriptBuildPhase;
			buildActionMask = 2147483647;
			files = (
			);
			inputFileListPaths = (
				"${PODS_ROOT}/Target Support Files/Pods-e-shop/Pods-e-shop-frameworks-${CONFIGURATION}-input-files.xcfilelist",
			);
			name = "[CP] Embed Pods Frameworks";
			outputFileListPaths = (
				"${PODS_ROOT}/Target Support Files/Pods-e-shop/Pods-e-shop-frameworks-${CONFIGURATION}-output-files.xcfilelist",
			);
			runOnlyForDeploymentPostprocessing = 0;
			shellPath = /bin/sh;
			shellScript = "\"${PODS_ROOT}/Target Support Files/Pods-e-shop/Pods-e-shop-frameworks.sh\"\n";
			showEnvVarsInLog = 0;
		};
/* End PBXShellScriptBuildPhase section */

/* Begin PBXSourcesBuildPhase section */
		AD96446126066E6900429600 /* Sources */ = {
			isa = PBXSourcesBuildPhase;
			buildActionMask = 2147483647;
			files = (
				AD432266261B7586009365A6 /* VIPModel.swift in Sources */,
				ADAFF81C26209F2D00B196E6 /* UserViewModel.swift in Sources */,
				ADAFF81926209EDF00B196E6 /* UserModel.swift in Sources */,
				AD432244261A12AB009365A6 /* SignupView.swift in Sources */,
				ADAFF8232620AADD00B196E6 /* ProceedButton.swift in Sources */,
				ADAFF81F2620A0EC00B196E6 /* UserView.swift in Sources */,
				AD43226B261B76E0009365A6 /* VIPItem.swift in Sources */,
				AD7C1E2F260908D60065DD37 /* AccountView.swift in Sources */,
				AD432263261B751A009365A6 /* ShopView.swift in Sources */,
				AD3C32B62614C28900CEB8E5 /* Data.swift in Sources */,
				AD432240261A0430009365A6 /* SigninView.swift in Sources */,
				AD4322382617826D009365A6 /* MainStoreView.swift in Sources */,
				AD96447926067DEA00429600 /* TabBar.swift in Sources */,
				ADBC78A9261CD34700AD6719 /* ItemViewModel.swift in Sources */,
				AD824DBD2614C0A900E7DF99 /* Test.swift in Sources */,
				AD43223B261782CB009365A6 /* MainStoreModel.swift in Sources */,
				AD96446B26066E6900429600 /* ContentView.swift in Sources */,
				ADBC78B0261CE71900AD6719 /* ItemDetail.swift in Sources */,
				AD432272261CCD99009365A6 /* ItemModel.swift in Sources */,
				ADFF51762614C49500E54321 /* TestViewModel.swift in Sources */,
				AD96446926066E6900429600 /* e_shopApp.swift in Sources */,
				AD43223526177DCF009365A6 /* ItemsView.swift in Sources */,
				AD432248261A1338009365A6 /* MainPageView.swift in Sources */,
				AD43226F261CCCEC009365A6 /* ShopItem.swift in Sources */,
				ADAFF8262620AEF500B196E6 /* AddItemView.swift in Sources */,
			);
			runOnlyForDeploymentPostprocessing = 0;
		};
/* End PBXSourcesBuildPhase section */

/* Begin XCBuildConfiguration section */
		AD96447226066E6A00429600 /* Debug */ = {
			isa = XCBuildConfiguration;
			buildSettings = {
				ALWAYS_SEARCH_USER_PATHS = NO;
				CLANG_ANALYZER_NONNULL = YES;
				CLANG_ANALYZER_NUMBER_OBJECT_CONVERSION = YES_AGGRESSIVE;
				CLANG_CXX_LANGUAGE_STANDARD = "gnu++14";
				CLANG_CXX_LIBRARY = "libc++";
				CLANG_ENABLE_MODULES = YES;
				CLANG_ENABLE_OBJC_ARC = YES;
				CLANG_ENABLE_OBJC_WEAK = YES;
				CLANG_WARN_BLOCK_CAPTURE_AUTORELEASING = YES;
				CLANG_WARN_BOOL_CONVERSION = YES;
				CLANG_WARN_COMMA = YES;
				CLANG_WARN_CONSTANT_CONVERSION = YES;
				CLANG_WARN_DEPRECATED_OBJC_IMPLEMENTATIONS = YES;
				CLANG_WARN_DIRECT_OBJC_ISA_USAGE = YES_ERROR;
				CLANG_WARN_DOCUMENTATION_COMMENTS = YES;
				CLANG_WARN_EMPTY_BODY = YES;
				CLANG_WARN_ENUM_CONVERSION = YES;
				CLANG_WARN_INFINITE_RECURSION = YES;
				CLANG_WARN_INT_CONVERSION = YES;
				CLANG_WARN_NON_LITERAL_NULL_CONVERSION = YES;
				CLANG_WARN_OBJC_IMPLICIT_RETAIN_SELF = YES;
				CLANG_WARN_OBJC_LITERAL_CONVERSION = YES;
				CLANG_WARN_OBJC_ROOT_CLASS = YES_ERROR;
				CLANG_WARN_QUOTED_INCLUDE_IN_FRAMEWORK_HEADER = YES;
				CLANG_WARN_RANGE_LOOP_ANALYSIS = YES;
				CLANG_WARN_STRICT_PROTOTYPES = YES;
				CLANG_WARN_SUSPICIOUS_MOVE = YES;
				CLANG_WARN_UNGUARDED_AVAILABILITY = YES_AGGRESSIVE;
				CLANG_WARN_UNREACHABLE_CODE = YES;
				CLANG_WARN__DUPLICATE_METHOD_MATCH = YES;
				COPY_PHASE_STRIP = NO;
				DEBUG_INFORMATION_FORMAT = dwarf;
				ENABLE_STRICT_OBJC_MSGSEND = YES;
				ENABLE_TESTABILITY = YES;
				GCC_C_LANGUAGE_STANDARD = gnu11;
				GCC_DYNAMIC_NO_PIC = NO;
				GCC_NO_COMMON_BLOCKS = YES;
				GCC_OPTIMIZATION_LEVEL = 0;
				GCC_PREPROCESSOR_DEFINITIONS = (
					"DEBUG=1",
					"$(inherited)",
				);
				GCC_WARN_64_TO_32_BIT_CONVERSION = YES;
				GCC_WARN_ABOUT_RETURN_TYPE = YES_ERROR;
				GCC_WARN_UNDECLARED_SELECTOR = YES;
				GCC_WARN_UNINITIALIZED_AUTOS = YES_AGGRESSIVE;
				GCC_WARN_UNUSED_FUNCTION = YES;
				GCC_WARN_UNUSED_VARIABLE = YES;
				IPHONEOS_DEPLOYMENT_TARGET = 14.4;
				MTL_ENABLE_DEBUG_INFO = INCLUDE_SOURCE;
				MTL_FAST_MATH = YES;
				ONLY_ACTIVE_ARCH = YES;
				SDKROOT = iphoneos;
				SWIFT_ACTIVE_COMPILATION_CONDITIONS = DEBUG;
				SWIFT_OPTIMIZATION_LEVEL = "-Onone";
			};
			name = Debug;
		};
		AD96447326066E6A00429600 /* Release */ = {
			isa = XCBuildConfiguration;
			buildSettings = {
				ALWAYS_SEARCH_USER_PATHS = NO;
				CLANG_ANALYZER_NONNULL = YES;
				CLANG_ANALYZER_NUMBER_OBJECT_CONVERSION = YES_AGGRESSIVE;
				CLANG_CXX_LANGUAGE_STANDARD = "gnu++14";
				CLANG_CXX_LIBRARY = "libc++";
				CLANG_ENABLE_MODULES = YES;
				CLANG_ENABLE_OBJC_ARC = YES;
				CLANG_ENABLE_OBJC_WEAK = YES;
				CLANG_WARN_BLOCK_CAPTURE_AUTORELEASING = YES;
				CLANG_WARN_BOOL_CONVERSION = YES;
				CLANG_WARN_COMMA = YES;
				CLANG_WARN_CONSTANT_CONVERSION = YES;
				CLANG_WARN_DEPRECATED_OBJC_IMPLEMENTATIONS = YES;
				CLANG_WARN_DIRECT_OBJC_ISA_USAGE = YES_ERROR;
				CLANG_WARN_DOCUMENTATION_COMMENTS = YES;
				CLANG_WARN_EMPTY_BODY = YES;
				CLANG_WARN_ENUM_CONVERSION = YES;
				CLANG_WARN_INFINITE_RECURSION = YES;
				CLANG_WARN_INT_CONVERSION = YES;
				CLANG_WARN_NON_LITERAL_NULL_CONVERSION = YES;
				CLANG_WARN_OBJC_IMPLICIT_RETAIN_SELF = YES;
				CLANG_WARN_OBJC_LITERAL_CONVERSION = YES;
				CLANG_WARN_OBJC_ROOT_CLASS = YES_ERROR;
				CLANG_WARN_QUOTED_INCLUDE_IN_FRAMEWORK_HEADER = YES;
				CLANG_WARN_RANGE_LOOP_ANALYSIS = YES;
				CLANG_WARN_STRICT_PROTOTYPES = YES;
				CLANG_WARN_SUSPICIOUS_MOVE = YES;
				CLANG_WARN_UNGUARDED_AVAILABILITY = YES_AGGRESSIVE;
				CLANG_WARN_UNREACHABLE_CODE = YES;
				CLANG_WARN__DUPLICATE_METHOD_MATCH = YES;
				COPY_PHASE_STRIP = NO;
				DEBUG_INFORMATION_FORMAT = "dwarf-with-dsym";
				ENABLE_NS_ASSERTIONS = NO;
				ENABLE_STRICT_OBJC_MSGSEND = YES;
				GCC_C_LANGUAGE_STANDARD = gnu11;
				GCC_NO_COMMON_BLOCKS = YES;
				GCC_WARN_64_TO_32_BIT_CONVERSION = YES;
				GCC_WARN_ABOUT_RETURN_TYPE = YES_ERROR;
				GCC_WARN_UNDECLARED_SELECTOR = YES;
				GCC_WARN_UNINITIALIZED_AUTOS = YES_AGGRESSIVE;
				GCC_WARN_UNUSED_FUNCTION = YES;
				GCC_WARN_UNUSED_VARIABLE = YES;
				IPHONEOS_DEPLOYMENT_TARGET = 14.4;
				MTL_ENABLE_DEBUG_INFO = NO;
				MTL_FAST_MATH = YES;
				SDKROOT = iphoneos;
				SWIFT_COMPILATION_MODE = wholemodule;
				SWIFT_OPTIMIZATION_LEVEL = "-O";
				VALIDATE_PRODUCT = YES;
			};
			name = Release;
		};
		AD96447526066E6A00429600 /* Debug */ = {
			isa = XCBuildConfiguration;
			baseConfigurationReference = 9EEF7786CA8C958716A39739 /* Pods-e-shop.debug.xcconfig */;
			buildSettings = {
				ASSETCATALOG_COMPILER_APPICON_NAME = AppIcon;
				ASSETCATALOG_COMPILER_GLOBAL_ACCENT_COLOR_NAME = AccentColor;
				CODE_SIGN_STYLE = Automatic;
				DEVELOPMENT_ASSET_PATHS = "\"e-shop/Preview Content\"";
				DEVELOPMENT_TEAM = PQCMK3XHM3;
				ENABLE_PREVIEWS = YES;
				INFOPLIST_FILE = "e-shop/Info.plist";
				IPHONEOS_DEPLOYMENT_TARGET = 14.0;
				LD_RUNPATH_SEARCH_PATHS = (
					"$(inherited)",
					"@executable_path/Frameworks",
				);
				PRODUCT_BUNDLE_IDENTIFIER = "pyro.e-shop";
				PRODUCT_NAME = "$(TARGET_NAME)";
				SWIFT_VERSION = 5.0;
				TARGETED_DEVICE_FAMILY = "1,2";
			};
			name = Debug;
		};
		AD96447626066E6A00429600 /* Release */ = {
			isa = XCBuildConfiguration;
			baseConfigurationReference = 25C957AC2527DB9DEB90C597 /* Pods-e-shop.release.xcconfig */;
			buildSettings = {
				ASSETCATALOG_COMPILER_APPICON_NAME = AppIcon;
				ASSETCATALOG_COMPILER_GLOBAL_ACCENT_COLOR_NAME = AccentColor;
				CODE_SIGN_STYLE = Automatic;
				DEVELOPMENT_ASSET_PATHS = "\"e-shop/Preview Content\"";
				DEVELOPMENT_TEAM = PQCMK3XHM3;
				ENABLE_PREVIEWS = YES;
				INFOPLIST_FILE = "e-shop/Info.plist";
				IPHONEOS_DEPLOYMENT_TARGET = 14.0;
				LD_RUNPATH_SEARCH_PATHS = (
					"$(inherited)",
					"@executable_path/Frameworks",
				);
				PRODUCT_BUNDLE_IDENTIFIER = "pyro.e-shop";
				PRODUCT_NAME = "$(TARGET_NAME)";
				SWIFT_VERSION = 5.0;
				TARGETED_DEVICE_FAMILY = "1,2";
			};
			name = Release;
		};
/* End XCBuildConfiguration section */

/* Begin XCConfigurationList section */
		AD96446026066E6900429600 /* Build configuration list for PBXProject "e-shop" */ = {
			isa = XCConfigurationList;
			buildConfigurations = (
				AD96447226066E6A00429600 /* Debug */,
				AD96447326066E6A00429600 /* Release */,
			);
			defaultConfigurationIsVisible = 0;
			defaultConfigurationName = Release;
		};
		AD96447426066E6A00429600 /* Build configuration list for PBXNativeTarget "e-shop" */ = {
			isa = XCConfigurationList;
			buildConfigurations = (
				AD96447526066E6A00429600 /* Debug */,
				AD96447626066E6A00429600 /* Release */,
			);
			defaultConfigurationIsVisible = 0;
			defaultConfigurationName = Release;
		};
/* End XCConfigurationList section */
	};
	rootObject = AD96445D26066E6900429600 /* Project object */;
}
